
Microsoft Visual Studio Solution File, Format Version 12.00
Project("{FAE04EC0-301F-11D3-BF4B-00C04F79EFBC}") = "Namespaces", "Namespaces.csproj", "{10DA9754-9655-45A1-949A-F9456BEE5653}"
EndProject
Global
	GlobalSection(SolutionConfigurationPlatforms) = preSolution
		Debug|Any CPU = Debug|Any CPU
		Release|Any CPU = Release|Any CPU
	EndGlobalSection
	GlobalSection(ProjectConfigurationPlatforms) = postSolution
		{10DA9754-9655-45A1-949A-F9456BEE5653}.Debug|Any CPU.ActiveCfg = Debug|Any CPU
		{10DA9754-9655-45A1-949A-F9456BEE5653}.Debug|Any CPU.Build.0 = Debug|Any CPU
		{10DA9754-9655-45A1-949A-F9456BEE5653}.Release|Any CPU.ActiveCfg = Release|Any CPU
		{10DA9754-9655-45A1-949A-F9456BEE5653}.Release|Any CPU.Build.0 = Release|Any CPU
	EndGlobalSection
EndGlobal
